Microsoft Visual Studio Solution File, Format Version 11.00
# Visual Studio 2008

Project("{A44418E3-3327-D64E-CA59-3143846478D5}") = "Tutorial 003 - Frames Per Second", "Assembly-CSharp.csproj", "{9DB41687-61C6-2AD2-72AE-1F520C529337}"
EndProject
Global
	GlobalSection(SolutionConfigurationPlatforms) = preSolution
		Debug|Any CPU = Debug|Any CPU
		Release|Any CPU = Release|Any CPU
	EndGlobalSection
	GlobalSection(ProjectConfigurationPlatforms) = postSolution
		{9DB41687-61C6-2AD2-72AE-1F520C529337}.Debug|Any CPU.ActiveCfg = Debug|Any CPU
		{9DB41687-61C6-2AD2-72AE-1F520C529337}.Debug|Any CPU.Build.0 = Debug|Any CPU
		{9DB41687-61C6-2AD2-72AE-1F520C529337}.Release|Any CPU.ActiveCfg = Release|Any CPU
		{9DB41687-61C6-2AD2-72AE-1F520C529337}.Release|Any CPU.Build.0 = Release|Any CPU
	EndGlobalSection
	GlobalSection(SolutionProperties) = preSolution
		HideSolutionNode = FALSE
	EndGlobalSection
	GlobalSection(MonoDevelopProperties) = preSolution
		StartupItem = Assembly-CSharp.csproj
	EndGlobalSection
EndGlobal
