Microsoft Visual Studio Solution File, Format Version 11.00
# Visual Studio 2008

Project("{6152D2E9-4FB3-853B-C9D9-64E4BD4A659F}") = "CatlikeCoding - Maze", "Assembly-CSharp.csproj", "{B7B6E944-FC49-5E4B-41BB-1D050FB95723}"
EndProject
Global
	GlobalSection(SolutionConfigurationPlatforms) = preSolution
		Debug|Any CPU = Debug|Any CPU
		Release|Any CPU = Release|Any CPU
	EndGlobalSection
	GlobalSection(ProjectConfigurationPlatforms) = postSolution
		{B7B6E944-FC49-5E4B-41BB-1D050FB95723}.Debug|Any CPU.ActiveCfg = Debug|Any CPU
		{B7B6E944-FC49-5E4B-41BB-1D050FB95723}.Debug|Any CPU.Build.0 = Debug|Any CPU
		{B7B6E944-FC49-5E4B-41BB-1D050FB95723}.Release|Any CPU.ActiveCfg = Release|Any CPU
		{B7B6E944-FC49-5E4B-41BB-1D050FB95723}.Release|Any CPU.Build.0 = Release|Any CPU
	EndGlobalSection
	GlobalSection(SolutionProperties) = preSolution
		HideSolutionNode = FALSE
	EndGlobalSection
	GlobalSection(MonoDevelopProperties) = preSolution
		StartupItem = Assembly-CSharp.csproj
	EndGlobalSection
EndGlobal
