Microsoft Visual Studio Solution File, Format Version 11.00
# Visual Studio 2008

Project("{EB48F4A6-9AF2-AE94-1D75-0F3D4707AF30}") = "Tutorial 001 - Clock", "Assembly-CSharp.csproj", "{C055D8E8-AE07-09B5-953A-837B6A9BF530}"
EndProject
Global
	GlobalSection(SolutionConfigurationPlatforms) = preSolution
		Debug|Any CPU = Debug|Any CPU
		Release|Any CPU = Release|Any CPU
	EndGlobalSection
	GlobalSection(ProjectConfigurationPlatforms) = postSolution
		{C055D8E8-AE07-09B5-953A-837B6A9BF530}.Debug|Any CPU.ActiveCfg = Debug|Any CPU
		{C055D8E8-AE07-09B5-953A-837B6A9BF530}.Debug|Any CPU.Build.0 = Debug|Any CPU
		{C055D8E8-AE07-09B5-953A-837B6A9BF530}.Release|Any CPU.ActiveCfg = Release|Any CPU
		{C055D8E8-AE07-09B5-953A-837B6A9BF530}.Release|Any CPU.Build.0 = Release|Any CPU
	EndGlobalSection
	GlobalSection(SolutionProperties) = preSolution
		HideSolutionNode = FALSE
	EndGlobalSection
	GlobalSection(MonoDevelopProperties) = preSolution
		StartupItem = Assembly-CSharp.csproj
	EndGlobalSection
EndGlobal
